
Microsoft Visual Studio Solution File, Format Version 12.00
# Visual Studio Version 17
VisualStudioVersion = 17.10.35027.167
MinimumVisualStudioVersion = 10.0.40219.1
Project("{9A19103F-16F7-4668-BE54-9A1E7A4F7556}") = "Ats.Api", "Ats.Api\Ats.Api.csproj", "{AEDC7522-C6D9-4C4C-8B81-956D77D565F6}"
EndProject
Project("{FAE04EC0-301F-11D3-BF4B-00C04F79EFBC}") = "Ats.Core", "Ats.Common\Ats.Core.csproj", "{04B47ED1-3A75-4A4F-A19A-A5D645E91288}"
EndProject
Project("{FAE04EC0-301F-11D3-BF4B-00C04F79EFBC}") = "Ats.Tests", "Ats.Tests\Ats.Tests.csproj", "{892E3F16-3D46-48CF-B8F9-673C112B3DF0}"
EndProject
Project("{FAE04EC0-301F-11D3-BF4B-00C04F79EFBC}") = "Ats.Infrastructure", "Ats.Infrastructure\Ats.Infrastructure.csproj", "{82AC6785-F3D8-4912-A319-C6DD64B2358C}"
EndProject
Global
	GlobalSection(SolutionConfigurationPlatforms) = preSolution
		Debug|Any CPU = Debug|Any CPU
		Release|Any CPU = Release|Any CPU
	EndGlobalSection
	GlobalSection(ProjectConfigurationPlatforms) = postSolution
		{AEDC7522-C6D9-4C4C-8B81-956D77D565F6}.Debug|Any CPU.ActiveCfg = Debug|Any CPU
		{AEDC7522-C6D9-4C4C-8B81-956D77D565F6}.Debug|Any CPU.Build.0 = Debug|Any CPU
		{AEDC7522-C6D9-4C4C-8B81-956D77D565F6}.Release|Any CPU.ActiveCfg = Release|Any CPU
		{AEDC7522-C6D9-4C4C-8B81-956D77D565F6}.Release|Any CPU.Build.0 = Release|Any CPU
		{04B47ED1-3A75-4A4F-A19A-A5D645E91288}.Debug|Any CPU.ActiveCfg = Debug|Any CPU
		{04B47ED1-3A75-4A4F-A19A-A5D645E91288}.Debug|Any CPU.Build.0 = Debug|Any CPU
		{04B47ED1-3A75-4A4F-A19A-A5D645E91288}.Release|Any CPU.ActiveCfg = Release|Any CPU
		{04B47ED1-3A75-4A4F-A19A-A5D645E91288}.Release|Any CPU.Build.0 = Release|Any CPU
		{892E3F16-3D46-48CF-B8F9-673C112B3DF0}.Debug|Any CPU.ActiveCfg = Debug|Any CPU
		{892E3F16-3D46-48CF-B8F9-673C112B3DF0}.Debug|Any CPU.Build.0 = Debug|Any CPU
		{892E3F16-3D46-48CF-B8F9-673C112B3DF0}.Release|Any CPU.ActiveCfg = Release|Any CPU
		{892E3F16-3D46-48CF-B8F9-673C112B3DF0}.Release|Any CPU.Build.0 = Release|Any CPU
		{82AC6785-F3D8-4912-A319-C6DD64B2358C}.Debug|Any CPU.ActiveCfg = Debug|Any CPU
		{82AC6785-F3D8-4912-A319-C6DD64B2358C}.Debug|Any CPU.Build.0 = Debug|Any CPU
		{82AC6785-F3D8-4912-A319-C6DD64B2358C}.Release|Any CPU.ActiveCfg = Release|Any CPU
		{82AC6785-F3D8-4912-A319-C6DD64B2358C}.Release|Any CPU.Build.0 = Release|Any CPU
	EndGlobalSection
	GlobalSection(SolutionProperties) = preSolution
		HideSolutionNode = FALSE
	EndGlobalSection
	GlobalSection(ExtensibilityGlobals) = postSolution
		SolutionGuid = {55102585-1FA1-4590-8A3B-9EC92DAF412E}
	EndGlobalSection
EndGlobal
